
Microsoft Visual Studio Solution File, Format Version 12.00
# Visual Studio 15
VisualStudioVersion = 15.0.27428.2037
MinimumVisualStudioVersion = 10.0.40219.1
Project("{FAE04EC0-301F-11D3-BF4B-00C04F79EFBC}") = "Katana", "Katana\Katana.csproj", "{A837CE20-654D-49BA-BFC0-F5AE25C4070B}"
EndProject
Global
	GlobalSection(SolutionConfigurationPlatforms) = preSolution
		Debug|Any CPU = Debug|Any CPU
		Release|Any CPU = Release|Any CPU
	EndGlobalSection
	GlobalSection(ProjectConfigurationPlatforms) = postSolution
		{A837CE20-654D-49BA-BFC0-F5AE25C4070B}.Debug|Any CPU.ActiveCfg = Debug|Any CPU
		{A837CE20-654D-49BA-BFC0-F5AE25C4070B}.Debug|Any CPU.Build.0 = Debug|Any CPU
		{A837CE20-654D-49BA-BFC0-F5AE25C4070B}.Release|Any CPU.ActiveCfg = Release|Any CPU
		{A837CE20-654D-49BA-BFC0-F5AE25C4070B}.Release|Any CPU.Build.0 = Release|Any CPU
	EndGlobalSection
	GlobalSection(SolutionProperties) = preSolution
		HideSolutionNode = FALSE
	EndGlobalSection
	GlobalSection(ExtensibilityGlobals) = postSolution
		SolutionGuid = {0B3915F6-B58D-4B1B-B9DD-483B04AA9FFB}
	EndGlobalSection
EndGlobal
